
Microsoft Visual Studio Solution File, Format Version 12.00
# Visual Studio Version 16
VisualStudioVersion = 16.0.30320.27
MinimumVisualStudioVersion = 10.0.40219.1
Project("{FAE04EC0-301F-11D3-BF4B-00C04F79EFBC}") = "yoketoruvs20", "yoketoruvs20\yoketoruvs20.csproj", "{B288EC8F-85F4-4DE4-AE03-D374DD415404}"
EndProject
Global
	GlobalSection(SolutionConfigurationPlatforms) = preSolution
		Debug|Any CPU = Debug|Any CPU
		Release|Any CPU = Release|Any CPU
	EndGlobalSection
	GlobalSection(ProjectConfigurationPlatforms) = postSolution
		{B288EC8F-85F4-4DE4-AE03-D374DD415404}.Debug|Any CPU.ActiveCfg = Debug|Any CPU
		{B288EC8F-85F4-4DE4-AE03-D374DD415404}.Debug|Any CPU.Build.0 = Debug|Any CPU
		{B288EC8F-85F4-4DE4-AE03-D374DD415404}.Release|Any CPU.ActiveCfg = Release|Any CPU
		{B288EC8F-85F4-4DE4-AE03-D374DD415404}.Release|Any CPU.Build.0 = Release|Any CPU
	EndGlobalSection
	GlobalSection(SolutionProperties) = preSolution
		HideSolutionNode = FALSE
	EndGlobalSection
	GlobalSection(ExtensibilityGlobals) = postSolution
		SolutionGuid = {8A298CFB-A03C-49CA-9ED8-AFF14466D743}
	EndGlobalSection
EndGlobal
